
Microsoft Visual Studio Solution File, Format Version 12.00
# Visual Studio Version 17
VisualStudioVersion = 17.6.33723.286
MinimumVisualStudioVersion = 10.0.40219.1
Project("{9A19103F-16F7-4668-BE54-9A1E7A4F7556}") = "SolviaWinUnattend", "SolviaIsoEdit\SolviaWinUnattend.csproj", "{B6F795CB-6B71-45E4-846D-DA38DF83CC89}"
EndProject
Project("{2150E333-8FDC-42A3-9474-1A3956D46DE8}") = "Solution Items", "Solution Items", "{DF746F3A-3977-4A6A-AF48-54ED8A261835}"
	ProjectSection(SolutionItems) = preProject
		README.md = README.md
	EndProjectSection
EndProject
Global
	GlobalSection(SolutionConfigurationPlatforms) = preSolution
		Debug|Any CPU = Debug|Any CPU
		Release|Any CPU = Release|Any CPU
	EndGlobalSection
	GlobalSection(ProjectConfigurationPlatforms) = postSolution
		{B6F795CB-6B71-45E4-846D-DA38DF83CC89}.Debug|Any CPU.ActiveCfg = Debug|Any CPU
		{B6F795CB-6B71-45E4-846D-DA38DF83CC89}.Debug|Any CPU.Build.0 = Debug|Any CPU
		{B6F795CB-6B71-45E4-846D-DA38DF83CC89}.Release|Any CPU.ActiveCfg = Release|Any CPU
		{B6F795CB-6B71-45E4-846D-DA38DF83CC89}.Release|Any CPU.Build.0 = Release|Any CPU
	EndGlobalSection
	GlobalSection(SolutionProperties) = preSolution
		HideSolutionNode = FALSE
	EndGlobalSection
	GlobalSection(ExtensibilityGlobals) = postSolution
		SolutionGuid = {F4BA6A68-C565-4B37-A053-1B59F01ECD31}
	EndGlobalSection
EndGlobal
